// !$*UTF8*$!
{
	archiveVersion = 1;
	classes = {
	};
	objectVersion = 46;
	objects = {

/* Begin PBXBuildFile section */
		505385DF13E9E5F0004BA202 /* UIKit.framework in Frameworks */ = {isa = PBXBuildFile; fileRef = 505385DE13E9E5F0004BA202 /* UIKit.framework */; };
		505385E113E9E5F0004BA202 /* Foundation.framework in Frameworks */ = {isa = PBXBuildFile; fileRef = 505385E013E9E5F0004BA202 /* Foundation.framework */; };
		505385E313E9E5F0004BA202 /* CoreGraphics.framework in Frameworks */ = {isa = PBXBuildFile; fileRef = 505385E213E9E5F0004BA202 /* CoreGraphics.framework */; };
		505385E513E9E5F0004BA202 /* CoreData.framework in Frameworks */ = {isa = PBXBuildFile; fileRef = 505385E413E9E5F0004BA202 /* CoreData.framework */; };
		505385EB13E9E5F0004BA202 /* InfoPlist.strings in Resources */ = {isa = PBXBuildFile; fileRef = 505385E913E9E5F0004BA202 /* InfoPlist.strings */; };
		505385EE13E9E5F0004BA202 /* main.m in Sources */ = {isa = PBXBuildFile; fileRef = 505385ED13E9E5F0004BA202 /* main.m */; };
		505385F113E9E5F0004BA202 /* DeletingObjectsFromCoreDataAppDelegate.m in Sources */ = {isa = PBXBuildFile; fileRef = 505385F013E9E5F0004BA202 /* DeletingObjectsFromCoreDataAppDelegate.m */; };
		505385F413E9E5F0004BA202 /* MainWindow.xib in Resources */ = {isa = PBXBuildFile; fileRef = 505385F213E9E5F0004BA202 /* MainWindow.xib */; };
		505385F713E9E5F0004BA202 /* DeletingObjectsFromCoreData.xcdatamodeld in Sources */ = {isa = PBXBuildFile; fileRef = 505385F513E9E5F0004BA202 /* DeletingObjectsFromCoreData.xcdatamodeld */; };
		5053860913E9E7E8004BA202 /* D.m in Sources */ = {isa = PBXBuildFile; fileRef = 5053860813E9E7E8004BA202 /* D.m */; };
		5053860C13E9E7E8004BA202 /* E.m in Sources */ = {isa = PBXBuildFile; fileRef = 5053860B13E9E7E8004BA202 /* E.m */; };
		5053861013E9EB4E004BA202 /* MainTableViewController.m in Sources */ = {isa = PBXBuildFile; fileRef = 5053860E13E9EB4E004BA202 /* MainTableViewController.m */; };
		5053861113E9EB4E004BA202 /* MainTableViewController.xib in Resources */ = {isa = PBXBuildFile; fileRef = 5053860F13E9EB4E004BA202 /* MainTableViewController.xib */; };
		5053862A13E9FEEA004BA202 /* B.m in Sources */ = {isa = PBXBuildFile; fileRef = 5053862913E9FEEA004BA202 /* B.m */; };
		5053862D13E9FEEC004BA202 /* C.m in Sources */ = {isa = PBXBuildFile; fileRef = 5053862C13E9FEEB004BA202 /* C.m */; };
		5053863013E9FEEF004BA202 /* A.m in Sources */ = {isa = PBXBuildFile; fileRef = 5053862F13E9FEEE004BA202 /* A.m */; };
/* End PBXBuildFile section */

/* Begin PBXFileReference section */
		505385DA13E9E5F0004BA202 /* DeletingObjectsFromCoreData.app */ = {isa = PBXFileReference; explicitFileType = wrapper.application; includeInIndex = 0; path = DeletingObjectsFromCoreData.app; sourceTree = BUILT_PRODUCTS_DIR; };
		505385DE13E9E5F0004BA202 /* UIKit.framework */ = {isa = PBXFileReference; lastKnownFileType = wrapper.framework; name = UIKit.framework; path = System/Library/Frameworks/UIKit.framework; sourceTree = SDKROOT; };
		505385E013E9E5F0004BA202 /* Foundation.framework */ = {isa = PBXFileReference; lastKnownFileType = wrapper.framework; name = Foundation.framework; path = System/Library/Frameworks/Foundation.framework; sourceTree = SDKROOT; };
		505385E213E9E5F0004BA202 /* CoreGraphics.framework */ = {isa = PBXFileReference; lastKnownFileType = wrapper.framework; name = CoreGraphics.framework; path = System/Library/Frameworks/CoreGraphics.framework; sourceTree = SDKROOT; };
		505385E413E9E5F0004BA202 /* CoreData.framework */ = {isa = PBXFileReference; lastKnownFileType = wrapper.framework; name = CoreData.framework; path = System/Library/Frameworks/CoreData.framework; sourceTree = SDKROOT; };
		505385E813E9E5F0004BA202 /* DeletingObjectsFromCoreData-Info.plist */ = {isa = PBXFileReference; lastKnownFileType = text.plist.xml; path = "DeletingObjectsFromCoreData-Info.plist"; sourceTree = "<group>"; };
		505385EA13E9E5F0004BA202 /* en */ = {isa = PBXFileReference; lastKnownFileType = text.plist.strings; name = en; path = en.lproj/InfoPlist.strings; sourceTree = "<group>"; };
		505385EC13E9E5F0004BA202 /* DeletingObjectsFromCoreData-Prefix.pch */ = {isa = PBXFileReference; lastKnownFileType = sourcecode.c.h; path = "DeletingObjectsFromCoreData-Prefix.pch"; sourceTree = "<group>"; };
		505385ED13E9E5F0004BA202 /* main.m */ = {isa = PBXFileReference; lastKnownFileType = sourcecode.c.objc; path = main.m; sourceTree = "<group>"; };
		505385EF13E9E5F0004BA202 /* DeletingObjectsFromCoreDataAppDelegate.h */ = {isa = PBXFileReference; lastKnownFileType = sourcecode.c.h; path = DeletingObjectsFromCoreDataAppDelegate.h; sourceTree = "<group>"; };
		505385F013E9E5F0004BA202 /* DeletingObjectsFromCoreDataAppDelegate.m */ = {isa = PBXFileReference; lastKnownFileType = sourcecode.c.objc; path = DeletingObjectsFromCoreDataAppDelegate.m; sourceTree = "<group>"; };
		505385F313E9E5F0004BA202 /* en */ = {isa = PBXFileReference; lastKnownFileType = file.xib; name = en; path = en.lproj/MainWindow.xib; sourceTree = "<group>"; };
		505385F613E9E5F0004BA202 /* DeletingObjectsFromCoreData.xcdatamodel */ = {isa = PBXFileReference; lastKnownFileType = wrapper.xcdatamodel; path = DeletingObjectsFromCoreData.xcdatamodel; sourceTree = "<group>"; };
		5053860713E9E7E8004BA202 /* D.h */ = {isa = PBXFileReference; fileEncoding = 4; lastKnownFileType = sourcecode.c.h; path = D.h; sourceTree = "<group>"; };
		5053860813E9E7E8004BA202 /* D.m */ = {isa = PBXFileReference; fileEncoding = 4; lastKnownFileType = sourcecode.c.objc; path = D.m; sourceTree = "<group>"; };
		5053860A13E9E7E8004BA202 /* E.h */ = {isa = PBXFileReference; fileEncoding = 4; lastKnownFileType = sourcecode.c.h; path = E.h; sourceTree = "<group>"; };
		5053860B13E9E7E8004BA202 /* E.m */ = {isa = PBXFileReference; fileEncoding = 4; lastKnownFileType = sourcecode.c.objc; path = E.m; sourceTree = "<group>"; };
		5053860D13E9EB4E004BA202 /* MainTableViewController.h */ = {isa = PBXFileReference; fileEncoding = 4; lastKnownFileType = sourcecode.c.h; path = MainTableViewController.h; sourceTree = "<group>"; };
		5053860E13E9EB4E004BA202 /* MainTableViewController.m */ = {isa = PBXFileReference; fileEncoding = 4; lastKnownFileType = sourcecode.c.objc; path = MainTableViewController.m; sourceTree = "<group>"; };
		5053860F13E9EB4E004BA202 /* MainTableViewController.xib */ = {isa = PBXFileReference; fileEncoding = 4; lastKnownFileType = file.xib; path = MainTableViewController.xib; sourceTree = "<group>"; };
		5053862813E9FEEA004BA202 /* B.h */ = {isa = PBXFileReference; fileEncoding = 4; lastKnownFileType = sourcecode.c.h; path = B.h; sourceTree = "<group>"; };
		5053862913E9FEEA004BA202 /* B.m */ = {isa = PBXFileReference; fileEncoding = 4; lastKnownFileType = sourcecode.c.objc; path = B.m; sourceTree = "<group>"; };
		5053862B13E9FEEB004BA202 /* C.h */ = {isa = PBXFileReference; fileEncoding = 4; lastKnownFileType = sourcecode.c.h; path = C.h; sourceTree = "<group>"; };
		5053862C13E9FEEB004BA202 /* C.m */ = {isa = PBXFileReference; fileEncoding = 4; lastKnownFileType = sourcecode.c.objc; path = C.m; sourceTree = "<group>"; };
		5053862E13E9FEED004BA202 /* A.h */ = {isa = PBXFileReference; fileEncoding = 4; lastKnownFileType = sourcecode.c.h; path = A.h; sourceTree = "<group>"; };
		5053862F13E9FEEE004BA202 /* A.m */ = {isa = PBXFileReference; fileEncoding = 4; lastKnownFileType = sourcecode.c.objc; path = A.m; sourceTree = "<group>"; };
/* End PBXFileReference section */

/* Begin PBXFrameworksBuildPhase section */
		505385D713E9E5F0004BA202 /* Frameworks */ = {
			isa = PBXFrameworksBuildPhase;
			buildActionMask = 2147483647;
			files = (
				505385DF13E9E5F0004BA202 /* UIKit.framework in Frameworks */,
				505385E113E9E5F0004BA202 /* Foundation.framework in Frameworks */,
				505385E313E9E5F0004BA202 /* CoreGraphics.framework in Frameworks */,
				505385E513E9E5F0004BA202 /* CoreData.framework in Frameworks */,
			);
			runOnlyForDeploymentPostprocessing = 0;
		};
/* End PBXFrameworksBuildPhase section */

/* Begin PBXGroup section */
		505385CF13E9E5F0004BA202 = {
			isa = PBXGroup;
			children = (
				505385E613E9E5F0004BA202 /* DeletingObjectsFromCoreData */,
				505385DD13E9E5F0004BA202 /* Frameworks */,
				505385DB13E9E5F0004BA202 /* Products */,
			);
			sourceTree = "<group>";
		};
		505385DB13E9E5F0004BA202 /* Products */ = {
			isa = PBXGroup;
			children = (
				505385DA13E9E5F0004BA202 /* DeletingObjectsFromCoreData.app */,
			);
			name = Products;
			sourceTree = "<group>";
		};
		505385DD13E9E5F0004BA202 /* Frameworks */ = {
			isa = PBXGroup;
			children = (
				505385DE13E9E5F0004BA202 /* UIKit.framework */,
				505385E013E9E5F0004BA202 /* Foundation.framework */,
				505385E213E9E5F0004BA202 /* CoreGraphics.framework */,
				505385E413E9E5F0004BA202 /* CoreData.framework */,
			);
			name = Frameworks;
			sourceTree = "<group>";
		};
		505385E613E9E5F0004BA202 /* DeletingObjectsFromCoreData */ = {
			isa = PBXGroup;
			children = (
				505385FD13E9E7C3004BA202 /* Database */,
				505385EF13E9E5F0004BA202 /* DeletingObjectsFromCoreDataAppDelegate.h */,
				505385F013E9E5F0004BA202 /* DeletingObjectsFromCoreDataAppDelegate.m */,
				505385F213E9E5F0004BA202 /* MainWindow.xib */,
				505385F513E9E5F0004BA202 /* DeletingObjectsFromCoreData.xcdatamodeld */,
				505385E713E9E5F0004BA202 /* Supporting Files */,
			);
			path = DeletingObjectsFromCoreData;
			sourceTree = "<group>";
		};
		505385E713E9E5F0004BA202 /* Supporting Files */ = {
			isa = PBXGroup;
			children = (
				505385E813E9E5F0004BA202 /* DeletingObjectsFromCoreData-Info.plist */,
				505385E913E9E5F0004BA202 /* InfoPlist.strings */,
				505385EC13E9E5F0004BA202 /* DeletingObjectsFromCoreData-Prefix.pch */,
				505385ED13E9E5F0004BA202 /* main.m */,
			);
			name = "Supporting Files";
			sourceTree = "<group>";
		};
		505385FD13E9E7C3004BA202 /* Database */ = {
			isa = PBXGroup;
			children = (
				5053862E13E9FEED004BA202 /* A.h */,
				5053862F13E9FEEE004BA202 /* A.m */,
				5053862B13E9FEEB004BA202 /* C.h */,
				5053862C13E9FEEB004BA202 /* C.m */,
				5053862813E9FEEA004BA202 /* B.h */,
				5053862913E9FEEA004BA202 /* B.m */,
				5053860A13E9E7E8004BA202 /* E.h */,
				5053860B13E9E7E8004BA202 /* E.m */,
				5053860713E9E7E8004BA202 /* D.h */,
				5053860813E9E7E8004BA202 /* D.m */,
				5053860D13E9EB4E004BA202 /* MainTableViewController.h */,
				5053860E13E9EB4E004BA202 /* MainTableViewController.m */,
				5053860F13E9EB4E004BA202 /* MainTableViewController.xib */,
			);
			name = Database;
			sourceTree = "<group>";
		};
/* End PBXGroup section */

/* Begin PBXNativeTarget section */
		505385D913E9E5F0004BA202 /* DeletingObjectsFromCoreData */ = {
			isa = PBXNativeTarget;
			buildConfigurationList = 505385FA13E9E5F0004BA202 /* Build configuration list for PBXNativeTarget "DeletingObjectsFromCoreData" */;
			buildPhases = (
				505385D613E9E5F0004BA202 /* Sources */,
				505385D713E9E5F0004BA202 /* Frameworks */,
				505385D813E9E5F0004BA202 /* Resources */,
			);
			buildRules = (
			);
			dependencies = (
			);
			name = DeletingObjectsFromCoreData;
			productName = DeletingObjectsFromCoreData;
			productReference = 505385DA13E9E5F0004BA202 /* DeletingObjectsFromCoreData.app */;
			productType = "com.apple.product-type.application";
		};
/* End PBXNativeTarget section */

/* Begin PBXProject section */
		505385D113E9E5F0004BA202 /* Project object */ = {
			isa = PBXProject;
			attributes = {
				ORGANIZATIONNAME = PWR;
			};
			buildConfigurationList = 505385D413E9E5F0004BA202 /* Build configuration list for PBXProject "DeletingObjectsFromCoreData" */;
			compatibilityVersion = "Xcode 3.2";
			developmentRegion = English;
			hasScannedForEncodings = 0;
			knownRegions = (
				en,
			);
			mainGroup = 505385CF13E9E5F0004BA202;
			productRefGroup = 505385DB13E9E5F0004BA202 /* Products */;
			projectDirPath = "";
			projectRoot = "";
			targets = (
				505385D913E9E5F0004BA202 /* DeletingObjectsFromCoreData */,
			);
		};
/* End PBXProject section */

/* Begin PBXResourcesBuildPhase section */
		505385D813E9E5F0004BA202 /* Resources */ = {
			isa = PBXResourcesBuildPhase;
			buildActionMask = 2147483647;
			files = (
				505385EB13E9E5F0004BA202 /* InfoPlist.strings in Resources */,
				505385F413E9E5F0004BA202 /* MainWindow.xib in Resources */,
				5053861113E9EB4E004BA202 /* MainTableViewController.xib in Resources */,
			);
			runOnlyForDeploymentPostprocessing = 0;
		};
/* End PBXResourcesBuildPhase section */

/* Begin PBXSourcesBuildPhase section */
		505385D613E9E5F0004BA202 /* Sources */ = {
			isa = PBXSourcesBuildPhase;
			buildActionMask = 2147483647;
			files = (
				505385EE13E9E5F0004BA202 /* main.m in Sources */,
				505385F113E9E5F0004BA202 /* DeletingObjectsFromCoreDataAppDelegate.m in Sources */,
				505385F713E9E5F0004BA202 /* DeletingObjectsFromCoreData.xcdatamodeld in Sources */,
				5053860913E9E7E8004BA202 /* D.m in Sources */,
				5053860C13E9E7E8004BA202 /* E.m in Sources */,
				5053861013E9EB4E004BA202 /* MainTableViewController.m in Sources */,
				5053862A13E9FEEA004BA202 /* B.m in Sources */,
				5053862D13E9FEEC004BA202 /* C.m in Sources */,
				5053863013E9FEEF004BA202 /* A.m in Sources */,
			);
			runOnlyForDeploymentPostprocessing = 0;
		};
/* End PBXSourcesBuildPhase section */

/* Begin PBXVariantGroup section */
		505385E913E9E5F0004BA202 /* InfoPlist.strings */ = {
			isa = PBXVariantGroup;
			children = (
				505385EA13E9E5F0004BA202 /* en */,
			);
			name = InfoPlist.strings;
			sourceTree = "<group>";
		};
		505385F213E9E5F0004BA202 /* MainWindow.xib */ = {
			isa = PBXVariantGroup;
			children = (
				505385F313E9E5F0004BA202 /* en */,
			);
			name = MainWindow.xib;
			sourceTree = "<group>";
		};
/* End PBXVariantGroup section */

/* Begin XCBuildConfiguration section */
		505385F813E9E5F0004BA202 /* Debug */ = {
			isa = XCBuildConfiguration;
			buildSettings = {
				ARCHS = "$(ARCHS_STANDARD_32_BIT)";
				"CODE_SIGN_IDENTITY[sdk=iphoneos*]" = "iPhone Developer";
				GCC_C_LANGUAGE_STANDARD = gnu99;
				GCC_OPTIMIZATION_LEVEL = 0;
				GCC_PREPROCESSOR_DEFINITIONS = DEBUG;
				GCC_SYMBOLS_PRIVATE_EXTERN = NO;
				GCC_VERSION = com.apple.compilers.llvmgcc42;
				GCC_WARN_ABOUT_RETURN_TYPE = YES;
				GCC_WARN_UNUSED_VARIABLE = YES;
				IPHONEOS_DEPLOYMENT_TARGET = 4.3;
				SDKROOT = iphoneos;
			};
			name = Debug;
		};
		505385F913E9E5F0004BA202 /* Release */ = {
			isa = XCBuildConfiguration;
			buildSettings = {
				ARCHS = "$(ARCHS_STANDARD_32_BIT)";
				"CODE_SIGN_IDENTITY[sdk=iphoneos*]" = "iPhone Developer";
				GCC_C_LANGUAGE_STANDARD = gnu99;
				GCC_VERSION = com.apple.compilers.llvmgcc42;
				GCC_WARN_ABOUT_RETURN_TYPE = YES;
				GCC_WARN_UNUSED_VARIABLE = YES;
				IPHONEOS_DEPLOYMENT_TARGET = 4.3;
				OTHER_CFLAGS = "-DNS_BLOCK_ASSERTIONS=1";
				SDKROOT = iphoneos;
			};
			name = Release;
		};
		505385FB13E9E5F0004BA202 /* Debug */ = {
			isa = XCBuildConfiguration;
			buildSettings = {
				ALWAYS_SEARCH_USER_PATHS = NO;
				COPY_PHASE_STRIP = NO;
				GCC_DYNAMIC_NO_PIC = NO;
				GCC_PRECOMPILE_PREFIX_HEADER = YES;
				GCC_PREFIX_HEADER = "DeletingObjectsFromCoreData/DeletingObjectsFromCoreData-Prefix.pch";
				INFOPLIST_FILE = "DeletingObjectsFromCoreData/DeletingObjectsFromCoreData-Info.plist";
				PRODUCT_NAME = "$(TARGET_NAME)";
				WRAPPER_EXTENSION = app;
			};
			name = Debug;
		};
		505385FC13E9E5F0004BA202 /* Release */ = {
			isa = XCBuildConfiguration;
			buildSettings = {
				ALWAYS_SEARCH_USER_PATHS = NO;
				COPY_PHASE_STRIP = YES;
				GCC_PRECOMPILE_PREFIX_HEADER = YES;
				GCC_PREFIX_HEADER = "DeletingObjectsFromCoreData/DeletingObjectsFromCoreData-Prefix.pch";
				INFOPLIST_FILE = "DeletingObjectsFromCoreData/DeletingObjectsFromCoreData-Info.plist";
				PRODUCT_NAME = "$(TARGET_NAME)";
				VALIDATE_PRODUCT = YES;
				WRAPPER_EXTENSION = app;
			};
			name = Release;
		};
/* End XCBuildConfiguration section */

/* Begin XCConfigurationList section */
		505385D413E9E5F0004BA202 /* Build configuration list for PBXProject "DeletingObjectsFromCoreData" */ = {
			isa = XCConfigurationList;
			buildConfigurations = (
				505385F813E9E5F0004BA202 /* Debug */,
				505385F913E9E5F0004BA202 /* Release */,
			);
			defaultConfigurationIsVisible = 0;
			defaultConfigurationName = Release;
		};
		505385FA13E9E5F0004BA202 /* Build configuration list for PBXNativeTarget "DeletingObjectsFromCoreData" */ = {
			isa = XCConfigurationList;
			buildConfigurations = (
				505385FB13E9E5F0004BA202 /* Debug */,
				505385FC13E9E5F0004BA202 /* Release */,
			);
			defaultConfigurationIsVisible = 0;
		};
/* End XCConfigurationList section */

/* Begin XCVersionGroup section */
		505385F513E9E5F0004BA202 /* DeletingObjectsFromCoreData.xcdatamodeld */ = {
			isa = XCVersionGroup;
			children = (
				505385F613E9E5F0004BA202 /* DeletingObjectsFromCoreData.xcdatamodel */,
			);
			currentVersion = 505385F613E9E5F0004BA202 /* DeletingObjectsFromCoreData.xcdatamodel */;
			path = DeletingObjectsFromCoreData.xcdatamodeld;
			sourceTree = "<group>";
			versionGroupType = wrapper.xcdatamodel;
		};
/* End XCVersionGroup section */
	};
	rootObject = 505385D113E9E5F0004BA202 /* Project object */;
}
